#MicroXplorer Configuration settings - do not modify
NVIC.ADC1_2_IRQn=true\:0\:0\:false\:false\:true\:true\:true
RCC.USART1Freq_Value=160000000
USART2.IPParameters=VirtualMode-Asynchronous,BaudRate
I2C1.I2C_Speed_Mode=I2C_Fast_Plus
ADC2.SamplingTime-1\#ChannelRegularConversion=ADC_SAMPLETIME_2CYCLES_5
TIM1.IPParameters=Channel-PWM Generation1 CH1 CH1N,Channel-PWM Generation2 CH2 CH2N,PeriodNoDither,Prescaler,CounterMode,TIM_MasterOutputTrigger,DeadTime,Channel-PWM Generation3 CH3 CH3N
PB7.GPIO_FM7=SYSCFG_FASTMODEPLUS_PB7
PB8-BOOT0.GPIO_PuPdOD=GPIO_NOPULL
PC6.GPIO_Label=STATUS
SH.S_TIM1_CH1.ConfNb=1
Dma.USART2_TX.1.EventEnable=DISABLE
Dma.USART2_TX.1.RequestParameters=Instance,Direction,PeriphInc,MemInc,PeriphDataAlignment,MemDataAlignment,Mode,Priority,SignalID,Polarity,RequestNumber,SyncSignalID,SyncPolarity,SyncEnable,EventEnable,SyncRequestNumber
PinOutPanel.RotationAngle=0
RCC.MCO1PinFreq_Value=16000000
RCC.SYSCLKSource=RCC_SYSCLKSOURCE_PLLCLK
Dma.ADC2.3.SyncRequestNumber=1
NVIC.DMA1_Channel3_IRQn=true\:0\:0\:false\:false\:true\:false\:true
RCC.LPTIM1Freq_Value=160000000
Dma.USART2_RX.0.SyncPolarity=HAL_DMAMUX_SYNC_NO_EVENT
NVIC.SVCall_IRQn=true\:0\:0\:false\:false\:true\:false\:false
VP_ADC1_OPAMP_INTERNAL1.Mode=IN-OPAMP1
Dma.USART2_RX.0.PeriphDataAlignment=DMA_PDATAALIGN_BYTE
RCC.APB2TimFreq_Value=160000000
PB6.Signal=S_TIM4_CH1
ADC1.Channel-2\#ChannelRegularConversion=ADC_CHANNEL_11
Dma.USART2_TX.1.Mode=DMA_NORMAL
PB8-BOOT0.GPIOParameters=GPIO_Speed,GPIO_PuPdOD,GPIO_FM8
ADC2.EOCSelection=ADC_EOC_SEQ_CONV
OPAMP2.IPParameters=PgaGain
RCC.USART3Freq_Value=160000000
OPAMP2.PgaGain=OPAMP_PGA_GAIN_16_OR_MINUS_15
ProjectManager.ProjectBuild=false
NVIC.UsageFault_IRQn=true\:0\:0\:false\:false\:true\:false\:false
Dma.ADC2.3.MemDataAlignment=DMA_MDATAALIGN_HALFWORD
PA0.Locked=true
PB3.Mode=Asynchronous
PB2.Signal=OPAMP3_VINM0
PA8.Locked=true
RCC.ADC12Freq_Value=160000000
ProjectManager.FirmwarePackage=STM32Cube FW_G4 V1.4.0
MxDb.Version=DB.6.0.21
Dma.ADC1.2.MemDataAlignment=DMA_MDATAALIGN_HALFWORD
ProjectManager.BackupPrevious=false
PF0-OSC_IN.Locked=true
Dma.USART2_TX.1.Instance=DMA1_Channel2
PB14.Mode=IN5-Single-Ended
FDCAN1.TransmitPause=ENABLE
TIM1.DeadTime=128
PA0.Mode=IN1-Single-Ended
Dma.ADC1.2.Direction=DMA_PERIPH_TO_MEMORY
PA8.Signal=S_TIM1_CH1
RCC.PLLRCLKFreq_Value=160000000
PB6.Locked=true
VP_ADC1_OPAMP_INTERNAL1.Signal=ADC1_OPAMP_INTERNAL1
NVIC.PendSV_IRQn=true\:0\:0\:false\:false\:true\:false\:false
VP_CORDIC_VS_CORDIC.Signal=CORDIC_VS_CORDIC
Dma.USART2_RX.0.EventEnable=DISABLE
ProjectManager.HalAssertFull=false
ADC1.SamplingTime-0\#ChannelRegularConversion=ADC_SAMPLETIME_2CYCLES_5
VP_TIM1_VS_ClockSourceINT.Mode=Internal
PA0.Signal=ADC1_IN1
Mcu.Package=UFQFPN48
PB9.Signal=FDCAN1_TX
PA5.Locked=true
VP_ADC2_OPAMP_INTERNAL2.Signal=ADC2_OPAMP_INTERNAL2
Dma.USART2_TX.1.SyncEnable=DISABLE
ADC2.Overrun=ADC_OVR_DATA_OVERWRITTEN
PA14.Locked=true
VP_SYS_VS_Systick.Signal=SYS_VS_Systick
ADC2.Channel-1\#ChannelRegularConversion=ADC_CHANNEL_VOPAMP2
RCC.LSCOPinFreq_Value=32000
PA10.Signal=S_TIM1_CH3
RCC.PLLPoutputFreq_Value=160000000
SH.S_TIM4_CH1.0=TIM4_CH1,PWM_Input_1
FDCAN1.DataTimeSeg2=4
FDCAN1.DataTimeSeg1=5
RCC.APB1TimFreq_Value=160000000
NVIC.BusFault_IRQn=true\:0\:0\:false\:false\:true\:false\:false
RCC.LPUART1Freq_Value=160000000
ADC2.Rank-2\#ChannelRegularConversion=3
Dma.ADC2.3.SignalID=NONE
NVIC.DMA1_Channel4_IRQn=true\:0\:0\:false\:false\:true\:false\:true
OPAMP3.IPParameters=PgaGain
Dma.ADC1.2.EventEnable=DISABLE
Dma.ADC1.2.Polarity=HAL_DMAMUX_REQ_GEN_RISING
ADC1.EOCSelection=ADC_EOC_SEQ_CONV
ProjectManager.CustomerFirmwarePackage=
PF1-OSC_OUT.Signal=RCC_OSC_OUT
RCC.HSI48_VALUE=48000000
ADC1.Rank-4\#ChannelRegularConversion=5
Dma.ADC1.2.Mode=DMA_CIRCULAR
PA5.Mode=PGA Internally connected_IO0_BIAS
SH.S_TIM4_CH1.ConfNb=1
RCC.PLLQoutputFreq_Value=160000000
ProjectManager.ProjectFileName=B-G431B-ESC1-v2.ioc
PB8-BOOT0.Mode=I2C
Dma.ADC2.3.PeriphDataAlignment=DMA_PDATAALIGN_HALFWORD
ADC1.Rank-0\#ChannelRegularConversion=1
Mcu.PinsNb=38
PC11.Locked=true
ADC1.IPParameters=Rank-0\#ChannelRegularConversion,Channel-0\#ChannelRegularConversion,SamplingTime-0\#ChannelRegularConversion,OffsetNumber-0\#ChannelRegularConversion,NbrOfConversionFlag,Rank-1\#ChannelRegularConversion,Channel-1\#ChannelRegularConversion,SamplingTime-1\#ChannelRegularConversion,OffsetNumber-1\#ChannelRegularConversion,NbrOfConversion,EOCSelection,ExternalTrigConv,Overrun,Rank-2\#ChannelRegularConversion,Channel-2\#ChannelRegularConversion,SamplingTime-2\#ChannelRegularConversion,OffsetNumber-2\#ChannelRegularConversion,Rank-3\#ChannelRegularConversion,Channel-3\#ChannelRegularConversion,SamplingTime-3\#ChannelRegularConversion,OffsetNumber-3\#ChannelRegularConversion,master,Rank-4\#ChannelRegularConversion,Channel-4\#ChannelRegularConversion,SamplingTime-4\#ChannelRegularConversion,OffsetNumber-4\#ChannelRegularConversion,DMAContinuousRequests
PC13.Locked=true
TIM1.CounterMode=TIM_COUNTERMODE_CENTERALIGNED1
ADC1.OffsetNumber-0\#ChannelRegularConversion=ADC_OFFSET_NONE
PC13.Signal=TIM1_CH1N
PC6.Signal=GPIO_Output
Dma.USART2_RX.0.Direction=DMA_PERIPH_TO_MEMORY
TIM1.Channel-PWM\ Generation1\ CH1\ CH1N=TIM_CHANNEL_1
Dma.ADC2.3.Priority=DMA_PRIORITY_LOW
PB14.Locked=true
PC14-OSC32_IN.Signal=GPIO_Output
PC11.GPIOParameters=GPIO_Label
USART2.BaudRate=1000000
Dma.ADC2.3.SyncEnable=DISABLE
PB8-BOOT0.Locked=true
VP_TIM6_VS_ClockSourceINT.Signal=TIM6_VS_ClockSourceINT
PA3.Mode=PGA Internally connected_IO0_BIAS
TIM1.Channel-PWM\ Generation2\ CH2\ CH2N=TIM_CHANNEL_2
PA11.Locked=true
Dma.ADC1.2.MemInc=DMA_MINC_ENABLE
TIM4.IPParameters=Prescaler,ICPolarity_1
Dma.ADC1.2.SyncSignalID=NONE
ADC2.IPParameters=Rank-0\#ChannelRegularConversion,Channel-0\#ChannelRegularConversion,SamplingTime-0\#ChannelRegularConversion,OffsetNumber-0\#ChannelRegularConversion,NbrOfConversionFlag,EOCSelection,ExternalTrigConv,Rank-1\#ChannelRegularConversion,Channel-1\#ChannelRegularConversion,SamplingTime-1\#ChannelRegularConversion,OffsetNumber-1\#ChannelRegularConversion,NbrOfConversion,Overrun,Rank-2\#ChannelRegularConversion,Channel-2\#ChannelRegularConversion,SamplingTime-2\#ChannelRegularConversion,OffsetNumber-2\#ChannelRegularConversion,DMAContinuousRequests
PC6.Locked=true
PA9.Signal=S_TIM1_CH2
VP_TIM1_VS_ClockSourceINT.Signal=TIM1_VS_ClockSourceINT
I2C1.Timing=0x00701F6B
TIM1.Channel-PWM\ Generation3\ CH3\ CH3N=TIM_CHANNEL_3
Dma.ADC1.2.RequestParameters=Instance,Direction,PeriphInc,MemInc,PeriphDataAlignment,MemDataAlignment,Mode,Priority,SignalID,Polarity,RequestNumber,SyncSignalID,SyncPolarity,SyncEnable,EventEnable,SyncRequestNumber
ADC2.OffsetNumber-1\#ChannelRegularConversion=ADC_OFFSET_NONE
PB14.Signal=ADC1_IN5
Dma.ADC2.3.Direction=DMA_PERIPH_TO_MEMORY
Dma.ADC2.3.SyncSignalID=NONE
PA5.Signal=OPAMP2_VINM0
ADC2.OffsetNumber-0\#ChannelRegularConversion=ADC_OFFSET_NONE
PB8-BOOT0.Signal=I2C1_SCL
ProjectManager.LastFirmware=true
ADC2.Channel-2\#ChannelRegularConversion=ADC_CHANNEL_VOPAMP3_ADC2
FDCAN1.AutoRetransmission=ENABLE
TIM1.TIM_MasterOutputTrigger=TIM_TRGO_UPDATE
PA1.Mode=PGA Internally connected_IO0_BIAS
Mcu.Pin37=VP_TIM6_VS_ClockSourceINT
Mcu.Pin35=VP_SYS_VS_DBSignals
RCC.I2C1Freq_Value=160000000
Mcu.Pin36=VP_TIM1_VS_ClockSourceINT
VP_SYS_VS_DBSignals.Signal=SYS_VS_DBSignals
RCC.RNGFreq_Value=160000000
Mcu.Pin30=VP_ADC1_OPAMP_INTERNAL1
Dma.ADC1.2.RequestNumber=1
Mcu.Pin33=VP_CORDIC_VS_CORDIC
Mcu.Pin34=VP_SYS_VS_Systick
Mcu.Pin31=VP_ADC2_OPAMP_INTERNAL2
Mcu.Pin32=VP_ADC2_OPAMP_INTERNAL3
PA9.Locked=true
NVIC.NonMaskableInt_IRQn=true\:0\:0\:false\:false\:true\:false\:false
PC10.GPIOParameters=GPIO_Label
ADC1.DMAContinuousRequests=ENABLE
PB7.GPIO_PuPdOD=GPIO_NOPULL
PA13.Mode=Serial_Wire
ProjectManager.FreePins=false
Dma.USART2_RX.0.MemInc=DMA_MINC_ENABLE
Mcu.Pin26=PB6
Dma.ADC1.2.SyncEnable=DISABLE
Mcu.Pin27=PB7
Mcu.Pin24=PB3
Dma.ADC1.2.Instance=DMA1_Channel3
ProjectManager.UnderRoot=true
Mcu.Pin25=PB4
ADC1.ExternalTrigConv=ADC_EXTERNALTRIG_T1_TRGO
Dma.USART2_RX.0.RequestNumber=1
Mcu.Pin28=PB8-BOOT0
Mcu.Pin29=PB9
PB4.Locked=true
FDCAN1.NominalSyncJumpWidth=16
ADC1.SamplingTime-1\#ChannelRegularConversion=ADC_SAMPLETIME_2CYCLES_5
Mcu.Pin22=PC10
Mcu.Pin23=PC11
Mcu.Pin20=PA13
ADC1.master=1
PA3.Locked=true
Mcu.Pin21=PA14
ADC2.NbrOfConversionFlag=1
PA10.Locked=true
NVIC.ForceEnableDMAVector=true
NVIC.MemoryManagement_IRQn=true\:0\:0\:false\:false\:true\:false\:false
ProjectManager.CompilerOptimize=6
ADC1.Rank-1\#ChannelRegularConversion=2
OPAMP3.PgaGain=OPAMP_PGA_GAIN_16_OR_MINUS_15
PA11.Signal=FDCAN1_RX
Dma.ADC2.3.EventEnable=DISABLE
ProjectManager.HeapSize=0x200
Mcu.Pin15=PA8
NVIC.HardFault_IRQn=true\:0\:0\:false\:false\:true\:false\:false
Mcu.Pin16=PA9
Mcu.Pin13=PB15
Mcu.Pin14=PC6
Mcu.Pin19=PA12
ProjectManager.ComputerToolchain=false
Mcu.Pin17=PA10
Mcu.Pin18=PA11
NVIC.PriorityGroup=NVIC_PRIORITYGROUP_4
Mcu.Pin11=PB12
Mcu.Pin12=PB14
TIM4.ICPolarity_1=TIM_INPUTCHANNELPOLARITY_RISING
Mcu.Pin10=PB2
RCC.PWRFreq_Value=160000000
NVIC.DMA1_Channel1_IRQn=true\:0\:0\:false\:false\:true\:false\:true
PF0-OSC_IN.Signal=RCC_OSC_IN
Dma.USART2_TX.1.MemDataAlignment=DMA_MDATAALIGN_BYTE
RCC.I2C2Freq_Value=160000000
PB0.Signal=OPAMP3_VINP
TIM1.PeriodNoDither=1999
Dma.USART2_TX.1.SyncSignalID=NONE
Mcu.Family=STM32G4
ProjectManager.MainLocation=Core/Src
ADC2.ExternalTrigConv=ADC_EXTERNALTRIG_T1_TRGO
ADC2.OffsetNumber-2\#ChannelRegularConversion=ADC_OFFSET_NONE
RCC.SAI1Freq_Value=160000000
RCC.CortexFreq_Value=160000000
Dma.ADC2.3.SyncPolarity=HAL_DMAMUX_SYNC_NO_EVENT
ProjectManager.KeepUserCode=true
Mcu.UserName=STM32G431CBUx
ADC1.Overrun=ADC_OVR_DATA_OVERWRITTEN
ADC2.Channel-0\#ChannelRegularConversion=ADC_CHANNEL_VOPAMP2
FDCAN1.DataSyncJumpWidth=4
Dma.USART2_TX.1.MemInc=DMA_MINC_ENABLE
PC10.Locked=true
Dma.ADC1.2.SyncPolarity=HAL_DMAMUX_SYNC_NO_EVENT
PC10.Signal=GPIO_Input
ADC1.OffsetNumber-4\#ChannelRegularConversion=ADC_OFFSET_NONE
ProjectManager.functionlistsort=1-MX_GPIO_Init-GPIO-false-HAL-true,2-MX_DMA_Init-DMA-false-HAL-true,3-SystemClock_Config-RCC-false-HAL-false,4-MX_TIM4_Init-TIM4-false-HAL-true,5-MX_USART2_UART_Init-USART2-false-HAL-true,6-MX_TIM1_Init-TIM1-false-HAL-true,7-MX_ADC1_Init-ADC1-false-HAL-true,8-MX_ADC2_Init-ADC2-false-HAL-true,9-MX_OPAMP1_Init-OPAMP1-false-HAL-true,10-MX_OPAMP2_Init-OPAMP2-false-HAL-true,11-MX_OPAMP3_Init-OPAMP3-false-HAL-true,12-MX_CORDIC_Init-CORDIC-false-HAL-true,13-MX_TIM6_Init-TIM6-false-HAL-true,14-MX_FDCAN1_Init-FDCAN1-false-HAL-true,15-MX_I2C1_Init-I2C1-false-HAL-true
PA11.Mode=FDCAN_Activate
RCC.USART2Freq_Value=160000000
SH.S_TIM1_CH3.ConfNb=1
PB15.Signal=TIM1_CH3N
ProjectManager.StackSize=0x400
RCC.I2C3Freq_Value=160000000
Mcu.IP4=FDCAN1
Mcu.IP5=I2C1
RCC.FCLKCortexFreq_Value=160000000
I2C1.IPParameters=Timing,I2C_Speed_Mode
Mcu.IP2=CORDIC
Mcu.IP3=DMA
Mcu.IP0=ADC1
Dma.ADC2.3.Polarity=HAL_DMAMUX_REQ_GEN_RISING
PA12.Locked=true
Mcu.IP1=ADC2
PA12.Signal=TIM1_CH2N
TIM1.Prescaler=0
Mcu.UserConstants=
ADC2.DMAContinuousRequests=ENABLE
Dma.USART2_RX.0.Priority=DMA_PRIORITY_LOW
Mcu.ThirdPartyNb=0
ADC1.Channel-3\#ChannelRegularConversion=ADC_CHANNEL_1
RCC.HCLKFreq_Value=160000000
Mcu.IPNb=16
ProjectManager.PreviousToolchain=STM32CubeIDE
Dma.ADC2.3.PeriphInc=DMA_PINC_DISABLE
Mcu.Pin6=PA3
Mcu.Pin7=PA5
Mcu.Pin8=PA7
Mcu.Pin9=PB0
Dma.ADC1.2.SignalID=NONE
Dma.USART2_RX.0.SyncRequestNumber=1
RCC.AHBFreq_Value=160000000
Mcu.Pin0=PC13
Mcu.Pin1=PC14-OSC32_IN
GPIO.groupedBy=Group By Peripherals
Mcu.Pin2=PF0-OSC_IN
Mcu.Pin3=PF1-OSC_OUT
Mcu.Pin4=PA0
Mcu.Pin5=PA1
ADC1.Channel-0\#ChannelRegularConversion=ADC_CHANNEL_VOPAMP1
RCC.HSE_VALUE=8000000
Dma.USART2_TX.1.SyncPolarity=HAL_DMAMUX_SYNC_NO_EVENT
NVIC.DebugMonitor_IRQn=true\:0\:0\:false\:false\:true\:false\:false
Mcu.IP10=RCC
USART2.VirtualMode-Asynchronous=VM_ASYNC
NVIC.SysTick_IRQn=true\:0\:0\:false\:false\:true\:false\:true
Mcu.IP12=TIM1
FDCAN1.ClockDivider=FDCAN_CLOCK_DIV2
Mcu.IP11=SYS
ADC1.SamplingTime-4\#ChannelRegularConversion=ADC_SAMPLETIME_2CYCLES_5
Dma.USART2_TX.1.SyncRequestNumber=1
ADC1.Rank-2\#ChannelRegularConversion=3
Mcu.IP14=TIM6
PB4.Mode=Asynchronous
FDCAN1.StdFiltersNbr=1
Mcu.IP13=TIM4
Dma.USART2_RX.0.MemDataAlignment=DMA_MDATAALIGN_BYTE
Mcu.IP15=USART2
RCC.VCOInputFreq_Value=8000000
PA14.Mode=Serial_Wire
VP_CORDIC_VS_CORDIC.Mode=CORDIC_Activate
PC11.GPIO_Label=CAN_SHDN
File.Version=6
Dma.USART2_RX.0.Instance=DMA1_Channel1
VP_ADC2_OPAMP_INTERNAL3.Mode=IN-OPAMP3
VP_SYS_VS_DBSignals.Mode=DisableDeadBatterySignals
PB7.Signal=I2C1_SDA
Dma.USART2_RX.0.SyncSignalID=NONE
Dma.RequestsNb=4
PB0.Locked=true
FDCAN1.NominalTimeSeg2=16
PC14-OSC32_IN.GPIOParameters=GPIO_Label
FDCAN1.NominalTimeSeg1=63
OPAMP1.PgaGain=OPAMP_PGA_GAIN_16_OR_MINUS_15
RCC.CRSFreq_Value=48000000
ProjectManager.ProjectName=B-G431B-ESC1-v2
PB12.Mode=IN11-Single-Ended
PA7.Locked=true
Dma.USART2_RX.0.PeriphInc=DMA_PINC_DISABLE
Dma.ADC2.3.RequestNumber=1
ProjectManager.ToolChainLocation=
RCC.LSI_VALUE=32000
VP_ADC2_OPAMP_INTERNAL2.Mode=IN-OPAMP2
ADC1.OffsetNumber-1\#ChannelRegularConversion=ADC_OFFSET_NONE
ADC2.SamplingTime-0\#ChannelRegularConversion=ADC_SAMPLETIME_2CYCLES_5
PB8-BOOT0.GPIO_Speed=GPIO_SPEED_FREQ_VERY_HIGH
ADC2.SamplingTime-2\#ChannelRegularConversion=ADC_SAMPLETIME_2CYCLES_5
ADC2.NbrOfConversion=3
Dma.Request2=ADC1
Dma.Request1=USART2_TX
Dma.Request3=ADC2
PC14-OSC32_IN.GPIO_Label=CAN_TERM
ADC2.Rank-0\#ChannelRegularConversion=1
PF1-OSC_OUT.Mode=HSE-External-Oscillator
Dma.Request0=USART2_RX
NVIC.CORDIC_IRQn=true\:2\:0\:true\:false\:true\:true\:true
PC14-OSC32_IN.Locked=true
PB4.Signal=USART2_RX
PB3.Locked=true
PB15.Locked=true
PA3.Signal=OPAMP1_VINM0
NVIC.FDCAN1_IT0_IRQn=true\:3\:0\:true\:false\:true\:true\:true
PB7.GPIO_Speed=GPIO_SPEED_FREQ_VERY_HIGH
RCC.PLLSourceVirtual=RCC_PLLSOURCE_HSE
RCC.I2SFreq_Value=160000000
Dma.USART2_TX.1.Priority=DMA_PRIORITY_LOW
PA7.Mode=PGA Internally connected_IO0_BIAS
ADC1.Channel-4\#ChannelRegularConversion=ADC_CHANNEL_5
PC10.GPIO_Label=BUTTON
ProjectManager.NoMain=false
PC11.Signal=GPIO_Output
Dma.ADC1.2.PeriphDataAlignment=DMA_PDATAALIGN_HALFWORD
ADC1.OffsetNumber-3\#ChannelRegularConversion=ADC_OFFSET_NONE
TIM6.Prescaler=159
VP_TIM6_VS_ClockSourceINT.Mode=Enable_Timer
RCC.EXTERNAL_CLOCK_VALUE=12288000
ProjectManager.DefaultFWLocation=true
PB12.Locked=true
ProjectManager.DeletePrevious=true
PF1-OSC_OUT.Locked=true
Dma.ADC2.3.Instance=DMA1_Channel4
FDCAN1.IPParameters=AutoRetransmission,TransmitPause,NominalSyncJumpWidth,ClockDivider,NominalTimeSeg1,NominalTimeSeg2,DataSyncJumpWidth,DataTimeSeg1,DataTimeSeg2,StdFiltersNbr
Dma.USART2_TX.1.PeriphDataAlignment=DMA_PDATAALIGN_BYTE
Dma.USART2_TX.1.RequestNumber=1
NVIC.USART2_IRQn=true\:4\:0\:true\:false\:true\:true\:true
ADC1.SamplingTime-2\#ChannelRegularConversion=ADC_SAMPLETIME_2CYCLES_5
Dma.USART2_TX.1.SignalID=NONE
RCC.FamilyName=M
Dma.USART2_RX.0.Mode=DMA_CIRCULAR
VP_ADC2_OPAMP_INTERNAL3.Signal=ADC2_OPAMP_INTERNAL3
PA13.Signal=SYS_JTMS-SWDIO
TIM6.IPParameters=Prescaler
SH.S_TIM1_CH1.0=TIM1_CH1,PWM Generation1 CH1 CH1N
NVIC.DMA1_Channel2_IRQn=true\:0\:0\:false\:false\:true\:false\:true
ProjectManager.TargetToolchain=STM32CubeIDE
PB7.GPIOParameters=GPIO_Speed,GPIO_PuPdOD,GPIO_FM7
PB9.Mode=FDCAN_Activate
ADC1.Channel-1\#ChannelRegularConversion=ADC_CHANNEL_VOPAMP1
ProjectManager.RegisterCallBack=
RCC.USBFreq_Value=160000000
TIM4.Prescaler=2
RCC.LSE_VALUE=32768
PA1.Signal=OPAMP1_VINP
SH.S_TIM1_CH2.ConfNb=1
PF0-OSC_IN.Mode=HSE-External-Oscillator
PB0.Mode=PGA Internally connected_IO0_BIAS
Dma.USART2_TX.1.PeriphInc=DMA_PINC_DISABLE
board=custom
RCC.VCOOutputFreq_Value=320000000
PB15.Mode=PWM Generation3 CH3 CH3N
Dma.USART2_TX.1.Direction=DMA_MEMORY_TO_PERIPH
RCC.APB2Freq_Value=160000000
RCC.UART4Freq_Value=160000000
MxCube.Version=6.2.1
SH.S_TIM1_CH2.0=TIM1_CH2,PWM Generation2 CH2 CH2N
RCC.FDCANFreq_Value=160000000
Dma.ADC2.3.Mode=DMA_CIRCULAR
VP_SYS_VS_Systick.Mode=SysTick
PB8-BOOT0.GPIO_FM8=SYSCFG_FASTMODEPLUS_PB8
Dma.USART2_RX.0.Polarity=HAL_DMAMUX_REQ_GEN_RISING
Dma.ADC2.3.MemInc=DMA_MINC_ENABLE
ADC1.NbrOfConversion=5
PC13.Mode=PWM Generation1 CH1 CH1N
ADC1.OffsetNumber-2\#ChannelRegularConversion=ADC_OFFSET_NONE
RCC.IPParameters=ADC12Freq_Value,AHBFreq_Value,APB1Freq_Value,APB1TimFreq_Value,APB2Freq_Value,APB2TimFreq_Value,CRSFreq_Value,CortexFreq_Value,EXTERNAL_CLOCK_VALUE,FCLKCortexFreq_Value,FDCANFreq_Value,FamilyName,HCLKFreq_Value,HSE_VALUE,HSI48_VALUE,HSI_VALUE,I2C1Freq_Value,I2C2Freq_Value,I2C3Freq_Value,I2SFreq_Value,LPTIM1Freq_Value,LPUART1Freq_Value,LSCOPinFreq_Value,LSE_VALUE,LSI_VALUE,MCO1PinFreq_Value,PLLN,PLLPoutputFreq_Value,PLLQoutputFreq_Value,PLLRCLKFreq_Value,PLLSourceVirtual,PWRFreq_Value,RNGFreq_Value,SAI1Freq_Value,SYSCLKFreq_VALUE,SYSCLKSource,UART4Freq_Value,USART1Freq_Value,USART2Freq_Value,USART3Freq_Value,USBFreq_Value,VCOInputFreq_Value,VCOOutputFreq_Value
ProjectManager.AskForMigrate=true
Mcu.Name=STM32G431C(6-8-B)Ux
PB2.Locked=true
Mcu.IP8=OPAMP2
Mcu.IP9=OPAMP3
Dma.USART2_TX.1.Polarity=HAL_DMAMUX_REQ_GEN_RISING
Mcu.IP6=NVIC
Mcu.IP7=OPAMP1
ProjectManager.CoupleFile=false
PB3.Signal=USART2_TX
RCC.SYSCLKFreq_VALUE=160000000
Dma.ADC1.2.Priority=DMA_PRIORITY_LOW
PA1.Locked=true
PA12.Mode=PWM Generation2 CH2 CH2N
ADC1.SamplingTime-3\#ChannelRegularConversion=ADC_SAMPLETIME_2CYCLES_5
ADC1.Rank-3\#ChannelRegularConversion=4
Dma.ADC1.2.PeriphInc=DMA_PINC_DISABLE
KeepUserPlacement=false
PA13.Locked=true
PB2.Mode=PGA Internally connected_IO0_BIAS
PB7.Mode=I2C
Dma.ADC1.2.SyncRequestNumber=1
Dma.USART2_RX.0.SyncEnable=DISABLE
PA14.Signal=SYS_JTCK-SWCLK
Dma.USART2_RX.0.SignalID=NONE
PC6.GPIOParameters=GPIO_Label
SH.S_TIM1_CH3.0=TIM1_CH3,PWM Generation3 CH3 CH3N
RCC.HSI_VALUE=16000000
ADC1.NbrOfConversionFlag=1
RCC.PLLN=40
ADC2.Rank-1\#ChannelRegularConversion=2
Dma.ADC2.3.RequestParameters=Instance,Direction,PeriphInc,MemInc,PeriphDataAlignment,MemDataAlignment,Mode,Priority,SignalID,Polarity,RequestNumber,SyncSignalID,SyncPolarity,SyncEnable,EventEnable,SyncRequestNumber
NVIC.TIM4_IRQn=true\:0\:0\:true\:false\:true\:true\:true
RCC.APB1Freq_Value=160000000
Dma.USART2_RX.0.RequestParameters=Instance,Direction,PeriphInc,MemInc,PeriphDataAlignment,MemDataAlignment,Mode,Priority,SignalID,Polarity,RequestNumber,SyncSignalID,SyncPolarity,SyncEnable,EventEnable,SyncRequestNumber
OPAMP1.IPParameters=PgaGain
ProjectManager.DeviceId=STM32G431CBUx
PB12.Signal=ADC1_IN11
ProjectManager.LibraryCopy=1
PA7.Signal=OPAMP2_VINP
isbadioc=false
